PODS:
  - ReactiveCocoa (2.1.8):
    - ReactiveCocoa/Core (= 2.1.8)
    - ReactiveCocoa/no-arc (= 2.1.8)
  - ReactiveCocoa/Core (2.1.8):
    - ReactiveCocoa/no-arc
  - ReactiveCocoa/no-arc (2.1.8)

DEPENDENCIES:
  - ReactiveCocoa (~> 2.1.8)

SPEC CHECKSUMS:
  ReactiveCocoa: f89f2e009a87951b50321bf9feb958823fcc617e

PODFILE CHECKSUM: 01a9526684b9068ce47855dd4ba8d20d159d16bd

COCOAPODS: 1.0.0
